{
    "_readme": [
        "This file locks the dependencies of your project to a known state",
        "Read more about it at https://getcomposer.org/doc/01-basic-usage.md#installing-dependencies",
        "This file is @generated automatically"
    ],
    "content-hash": "f3963336517cdd345be423abaf1ff825",
    "packages": [
        {
            "name": "thecodeholic/php-mvc-core",
            "version": "v1.0.5",
            "source": {
                "type": "git",
                "url": "https://github.com/thecodeholic/tc-php-mvc-core.git",
                "reference": "4b106fd428bd41d42ac0e120c9d7939d07ff931c"
            },
            "dist": {
                "type": "zip",
                "url": "https://api.github.com/repos/thecodeholic/tc-php-mvc-core/zipball/4b106fd428bd41d42ac0e120c9d7939d07ff931c",
                "reference": "4b106fd428bd41d42ac0e120c9d7939d07ff931c",
                "shasum": ""
            },
            "type": "library",
            "autoload": {
                "psr-4": {
                    "thecodeholic\\phpmvc\\": "."
                }
            },
            "notification-url": "https://packagist.org/downloads/",
            "authors": [
                {
                    "name": "Zura Sekhniashvili",
                    "email": "zurasekhniashvili@gmail.com"
                }
            ],
            "support": {
                "issues": "https://github.com/thecodeholic/tc-php-mvc-core/issues",
                "source": "https://github.com/thecodeholic/tc-php-mvc-core/tree/v1.0.5"
            },
            "time": "2022-02-22T07:00:59+00:00"
        }
    ],
    "packages-dev": [],
    "aliases": [],
    "minimum-stability": "stable",
    "stability-flags": [],
    "prefer-stable": false,
    "prefer-lowest": false,
    "platform": [],
    "platform-dev": [],
    "plugin-api-version": "2.2.0"
}
